# This file is automatically @generated by Cargo.
# It is not intended for manual editing.
version = 4

[[package]]
name = "format-commodore-amiga-adf"
version = "0.2.2"

[[package]]
name = "format-commodore-amiga-ilbm"
version = "0.1.1"

[[package]]
name = "format-commodore-amiga-mod"
version = "0.1.0"

[[package]]
name = "format-commodore-amiga-powerpacker"
version = "0.1.0"
dependencies = [
 "format-commodore-amiga-adf",
]

[[package]]
name = "format-commodore-c64-art-studio"
version = "0.1.1"

[[package]]
name = "format-commodore-c64-koala"
version = "0.1.1"

[[package]]
name = "format-sinclair-zx-spectrum-scr"
version = "0.1.1"

[[package]]
name = "format-sinclair-zx-spectrum-tap"
version = "0.1.0"
